
Microsoft Visual Studio Solution File, Format Version 12.00
Project("{FAE04EC0-301F-11D3-BF4B-00C04F79EFBC}") = "ProductCatalogService", "ProductCatalogService\ProductCatalogService.csproj", "{22E3F8D9-B4EA-454C-A390-6F1E9AEF724A}"
EndProject
Global
	GlobalSection(SolutionConfigurationPlatforms) = preSolution
		Debug|Any CPU = Debug|Any CPU
		Release|Any CPU = Release|Any CPU
	EndGlobalSection
	GlobalSection(ProjectConfigurationPlatforms) = postSolution
		{22E3F8D9-B4EA-454C-A390-6F1E9AEF724A}.Debug|Any CPU.ActiveCfg = Debug|Any CPU
		{22E3F8D9-B4EA-454C-A390-6F1E9AEF724A}.Debug|Any CPU.Build.0 = Debug|Any CPU
		{22E3F8D9-B4EA-454C-A390-6F1E9AEF724A}.Release|Any CPU.ActiveCfg = Release|Any CPU
		{22E3F8D9-B4EA-454C-A390-6F1E9AEF724A}.Release|Any CPU.Build.0 = Release|Any CPU
	EndGlobalSection
EndGlobal
